// !$*UTF8*$!
{
	archiveVersion = 1;
	classes = {
	};
	objectVersion = 50;
	objects = {

/* Begin PBXBuildFile section */
		5B3C6FEF25CB3BE900577526 /* AppDelegate.swift in Sources */ = {isa = PBXBuildFile; fileRef = 5B3C6FEE25CB3BE900577526 /* AppDelegate.swift */; };
		5B3C6FF125CB3BE900577526 /* SceneDelegate.swift in Sources */ = {isa = PBXBuildFile; fileRef = 5B3C6FF025CB3BE900577526 /* SceneDelegate.swift */; };
		5B3C6FF325CB3BE900577526 /* ViewController.swift in Sources */ = {isa = PBXBuildFile; fileRef = 5B3C6FF225CB3BE900577526 /* ViewController.swift */; };
		5B3C6FF625CB3BE900577526 /* Main.storyboard in Resources */ = {isa = PBXBuildFile; fileRef = 5B3C6FF425CB3BE900577526 /* Main.storyboard */; };
		5B3C6FF925CB3BE900577526 /* testNews.xcdatamodeld in Sources */ = {isa = PBXBuildFile; fileRef = 5B3C6FF725CB3BE900577526 /* testNews.xcdatamodeld */; };
		5B3C6FFB25CB3BEB00577526 /* Assets.xcassets in Resources */ = {isa = PBXBuildFile; fileRef = 5B3C6FFA25CB3BEB00577526 /* Assets.xcassets */; };
		5B3C6FFE25CB3BEB00577526 /* LaunchScreen.storyboard in Resources */ = {isa = PBXBuildFile; fileRef = 5B3C6FFC25CB3BEB00577526 /* LaunchScreen.storyboard */; };
		5B3C700925CB3BEB00577526 /* testNewsTests.swift in Sources */ = {isa = PBXBuildFile; fileRef = 5B3C700825CB3BEB00577526 /* testNewsTests.swift */; };
		5B3C701425CB3BEB00577526 /* testNewsUITests.swift in Sources */ = {isa = PBXBuildFile; fileRef = 5B3C701325CB3BEB00577526 /* testNewsUITests.swift */; };
/* End PBXBuildFile section */

/* Begin PBXContainerItemProxy section */
		5B3C700525CB3BEB00577526 /* PBXContainerItemProxy */ = {
			isa = PBXContainerItemProxy;
			containerPortal = 5B3C6FE325CB3BE900577526 /* Project object */;
			proxyType = 1;
			remoteGlobalIDString = 5B3C6FEA25CB3BE900577526;
			remoteInfo = testNews;
		};
		5B3C701025CB3BEB00577526 /* PBXContainerItemProxy */ = {
			isa = PBXContainerItemProxy;
			containerPortal = 5B3C6FE325CB3BE900577526 /* Project object */;
			proxyType = 1;
			remoteGlobalIDString = 5B3C6FEA25CB3BE900577526;
			remoteInfo = testNews;
		};
/* End PBXContainerItemProxy section */

/* Begin PBXFileReference section */
		5B3C6FEB25CB3BE900577526 /* testNews.app */ = {isa = PBXFileReference; explicitFileType = wrapper.application; includeInIndex = 0; path = testNews.app; sourceTree = BUILT_PRODUCTS_DIR; };
		5B3C6FEE25CB3BE900577526 /* AppDelegate.swift */ = {isa = PBXFileReference; lastKnownFileType = sourcecode.swift; path = AppDelegate.swift; sourceTree = "<group>"; };
		5B3C6FF025CB3BE900577526 /* SceneDelegate.swift */ = {isa = PBXFileReference; lastKnownFileType = sourcecode.swift; path = SceneDelegate.swift; sourceTree = "<group>"; };
		5B3C6FF225CB3BE900577526 /* ViewController.swift */ = {isa = PBXFileReference; lastKnownFileType = sourcecode.swift; path = ViewController.swift; sourceTree = "<group>"; };
		5B3C6FF525CB3BE900577526 /* Base */ = {isa = PBXFileReference; lastKnownFileType = file.storyboard; name = Base; path = Base.lproj/Main.storyboard; sourceTree = "<group>"; };
		5B3C6FF825CB3BE900577526 /* testNews.xcdatamodel */ = {isa = PBXFileReference; lastKnownFileType = wrapper.xcdatamodel; path = testNews.xcdatamodel; sourceTree = "<group>"; };
		5B3C6FFA25CB3BEB00577526 /* Assets.xcassets */ = {isa = PBXFileReference; lastKnownFileType = folder.assetcatalog; path = Assets.xcassets; sourceTree = "<group>"; };
		5B3C6FFD25CB3BEB00577526 /* Base */ = {isa = PBXFileReference; lastKnownFileType = file.storyboard; name = Base; path = Base.lproj/LaunchScreen.storyboard; sourceTree = "<group>"; };
		5B3C6FFF25CB3BEB00577526 /* Info.plist */ = {isa = PBXFileReference; lastKnownFileType = text.plist.xml; path = Info.plist; sourceTree = "<group>"; };
		5B3C700425CB3BEB00577526 /* testNewsTests.xctest */ = {isa = PBXFileReference; explicitFileType = wrapper.cfbundle; includeInIndex = 0; path = testNewsTests.xctest; sourceTree = BUILT_PRODUCTS_DIR; };
		5B3C700825CB3BEB00577526 /* testNewsTests.swift */ = {isa = PBXFileReference; lastKnownFileType = sourcecode.swift; path = testNewsTests.swift; sourceTree = "<group>"; };
		5B3C700A25CB3BEB00577526 /* Info.plist */ = {isa = PBXFileReference; lastKnownFileType = text.plist.xml; path = Info.plist; sourceTree = "<group>"; };
		5B3C700F25CB3BEB00577526 /* testNewsUITests.xctest */ = {isa = PBXFileReference; explicitFileType = wrapper.cfbundle; includeInIndex = 0; path = testNewsUITests.xctest; sourceTree = BUILT_PRODUCTS_DIR; };
		5B3C701325CB3BEB00577526 /* testNewsUITests.swift */ = {isa = PBXFileReference; lastKnownFileType = sourcecode.swift; path = testNewsUITests.swift; sourceTree = "<group>"; };
		5B3C701525CB3BEB00577526 /* Info.plist */ = {isa = PBXFileReference; lastKnownFileType = text.plist.xml; path = Info.plist; sourceTree = "<group>"; };
/* End PBXFileReference section */

/* Begin PBXFrameworksBuildPhase section */
		5B3C6FE825CB3BE900577526 /* Frameworks */ = {
			isa = PBXFrameworksBuildPhase;
			buildActionMask = 2147483647;
			files = (
			);
			runOnlyForDeploymentPostprocessing = 0;
		};
		5B3C700125CB3BEB00577526 /* Frameworks */ = {
			isa = PBXFrameworksBuildPhase;
			buildActionMask = 2147483647;
			files = (
			);
			runOnlyForDeploymentPostprocessing = 0;
		};
		5B3C700C25CB3BEB00577526 /* Frameworks */ = {
			isa = PBXFrameworksBuildPhase;
			buildActionMask = 2147483647;
			files = (
			);
			runOnlyForDeploymentPostprocessing = 0;
		};
/* End PBXFrameworksBuildPhase section */

/* Begin PBXGroup section */
		5B3C6FE225CB3BE900577526 = {
			isa = PBXGroup;
			children = (
				5B3C6FED25CB3BE900577526 /* testNews */,
				5B3C700725CB3BEB00577526 /* testNewsTests */,
				5B3C701225CB3BEB00577526 /* testNewsUITests */,
				5B3C6FEC25CB3BE900577526 /* Products */,
			);
			sourceTree = "<group>";
		};
		5B3C6FEC25CB3BE900577526 /* Products */ = {
			isa = PBXGroup;
			children = (
				5B3C6FEB25CB3BE900577526 /* testNews.app */,
				5B3C700425CB3BEB00577526 /* testNewsTests.xctest */,
				5B3C700F25CB3BEB00577526 /* testNewsUITests.xctest */,
			);
			name = Products;
			sourceTree = "<group>";
		};
		5B3C6FED25CB3BE900577526 /* testNews */ = {
			isa = PBXGroup;
			children = (
				5B3C6FEE25CB3BE900577526 /* AppDelegate.swift */,
				5B3C6FF025CB3BE900577526 /* SceneDelegate.swift */,
				5B3C6FF225CB3BE900577526 /* ViewController.swift */,
				5B3C6FF425CB3BE900577526 /* Main.storyboard */,
				5B3C6FFA25CB3BEB00577526 /* Assets.xcassets */,
				5B3C6FFC25CB3BEB00577526 /* LaunchScreen.storyboard */,
				5B3C6FFF25CB3BEB00577526 /* Info.plist */,
				5B3C6FF725CB3BE900577526 /* testNews.xcdatamodeld */,
			);
			path = testNews;
			sourceTree = "<group>";
		};
		5B3C700725CB3BEB00577526 /* testNewsTests */ = {
			isa = PBXGroup;
			children = (
				5B3C700825CB3BEB00577526 /* testNewsTests.swift */,
				5B3C700A25CB3BEB00577526 /* Info.plist */,
			);
			path = testNewsTests;
			sourceTree = "<group>";
		};
		5B3C701225CB3BEB00577526 /* testNewsUITests */ = {
			isa = PBXGroup;
			children = (
				5B3C701325CB3BEB00577526 /* testNewsUITests.swift */,
				5B3C701525CB3BEB00577526 /* Info.plist */,
			);
			path = testNewsUITests;
			sourceTree = "<group>";
		};
/* End PBXGroup section */

/* Begin PBXNativeTarget section */
		5B3C6FEA25CB3BE900577526 /* testNews */ = {
			isa = PBXNativeTarget;
			buildConfigurationList = 5B3C701825CB3BEB00577526 /* Build configuration list for PBXNativeTarget "testNews" */;
			buildPhases = (
				5B3C6FE725CB3BE900577526 /* Sources */,
				5B3C6FE825CB3BE900577526 /* Frameworks */,
				5B3C6FE925CB3BE900577526 /* Resources */,
			);
			buildRules = (
			);
			dependencies = (
			);
			name = testNews;
			productName = testNews;
			productReference = 5B3C6FEB25CB3BE900577526 /* testNews.app */;
			productType = "com.apple.product-type.application";
		};
		5B3C700325CB3BEB00577526 /* testNewsTests */ = {
			isa = PBXNativeTarget;
			buildConfigurationList = 5B3C701B25CB3BEB00577526 /* Build configuration list for PBXNativeTarget "testNewsTests" */;
			buildPhases = (
				5B3C700025CB3BEB00577526 /* Sources */,
				5B3C700125CB3BEB00577526 /* Frameworks */,
				5B3C700225CB3BEB00577526 /* Resources */,
			);
			buildRules = (
			);
			dependencies = (
				5B3C700625CB3BEB00577526 /* PBXTargetDependency */,
			);
			name = testNewsTests;
			productName = testNewsTests;
			productReference = 5B3C700425CB3BEB00577526 /* testNewsTests.xctest */;
			productType = "com.apple.product-type.bundle.unit-test";
		};
		5B3C700E25CB3BEB00577526 /* testNewsUITests */ = {
			isa = PBXNativeTarget;
			buildConfigurationList = 5B3C701E25CB3BEB00577526 /* Build configuration list for PBXNativeTarget "testNewsUITests" */;
			buildPhases = (
				5B3C700B25CB3BEB00577526 /* Sources */,
				5B3C700C25CB3BEB00577526 /* Frameworks */,
				5B3C700D25CB3BEB00577526 /* Resources */,
			);
			buildRules = (
			);
			dependencies = (
				5B3C701125CB3BEB00577526 /* PBXTargetDependency */,
			);
			name = testNewsUITests;
			productName = testNewsUITests;
			productReference = 5B3C700F25CB3BEB00577526 /* testNewsUITests.xctest */;
			productType = "com.apple.product-type.bundle.ui-testing";
		};
/* End PBXNativeTarget section */

/* Begin PBXProject section */
		5B3C6FE325CB3BE900577526 /* Project object */ = {
			isa = PBXProject;
			attributes = {
				LastSwiftUpdateCheck = 1220;
				LastUpgradeCheck = 1220;
				TargetAttributes = {
					5B3C6FEA25CB3BE900577526 = {
						CreatedOnToolsVersion = 12.2;
					};
					5B3C700325CB3BEB00577526 = {
						CreatedOnToolsVersion = 12.2;
						TestTargetID = 5B3C6FEA25CB3BE900577526;
					};
					5B3C700E25CB3BEB00577526 = {
						CreatedOnToolsVersion = 12.2;
						TestTargetID = 5B3C6FEA25CB3BE900577526;
					};
				};
			};
			buildConfigurationList = 5B3C6FE625CB3BE900577526 /* Build configuration list for PBXProject "testNews" */;
			compatibilityVersion = "Xcode 9.3";
			developmentRegion = en;
			hasScannedForEncodings = 0;
			knownRegions = (
				en,
				Base,
			);
			mainGroup = 5B3C6FE225CB3BE900577526;
			productRefGroup = 5B3C6FEC25CB3BE900577526 /* Products */;
			projectDirPath = "";
			projectRoot = "";
			targets = (
				5B3C6FEA25CB3BE900577526 /* testNews */,
				5B3C700325CB3BEB00577526 /* testNewsTests */,
				5B3C700E25CB3BEB00577526 /* testNewsUITests */,
			);
		};
/* End PBXProject section */

/* Begin PBXResourcesBuildPhase section */
		5B3C6FE925CB3BE900577526 /* Resources */ = {
			isa = PBXResourcesBuildPhase;
			buildActionMask = 2147483647;
			files = (
				5B3C6FFE25CB3BEB00577526 /* LaunchScreen.storyboard in Resources */,
				5B3C6FFB25CB3BEB00577526 /* Assets.xcassets in Resources */,
				5B3C6FF625CB3BE900577526 /* Main.storyboard in Resources */,
			);
			runOnlyForDeploymentPostprocessing = 0;
		};
		5B3C700225CB3BEB00577526 /* Resources */ = {
			isa = PBXResourcesBuildPhase;
			buildActionMask = 2147483647;
			files = (
			);
			runOnlyForDeploymentPostprocessing = 0;
		};
		5B3C700D25CB3BEB00577526 /* Resources */ = {
			isa = PBXResourcesBuildPhase;
			buildActionMask = 2147483647;
			files = (
			);
			runOnlyForDeploymentPostprocessing = 0;
		};
/* End PBXResourcesBuildPhase section */

/* Begin PBXSourcesBuildPhase section */
		5B3C6FE725CB3BE900577526 /* Sources */ = {
			isa = PBXSourcesBuildPhase;
			buildActionMask = 2147483647;
			files = (
				5B3C6FF325CB3BE900577526 /* ViewController.swift in Sources */,
				5B3C6FEF25CB3BE900577526 /* AppDelegate.swift in Sources */,
				5B3C6FF925CB3BE900577526 /* testNews.xcdatamodeld in Sources */,
				5B3C6FF125CB3BE900577526 /* SceneDelegate.swift in Sources */,
			);
			runOnlyForDeploymentPostprocessing = 0;
		};
		5B3C700025CB3BEB00577526 /* Sources */ = {
			isa = PBXSourcesBuildPhase;
			buildActionMask = 2147483647;
			files = (
				5B3C700925CB3BEB00577526 /* testNewsTests.swift in Sources */,
			);
			runOnlyForDeploymentPostprocessing = 0;
		};
		5B3C700B25CB3BEB00577526 /* Sources */ = {
			isa = PBXSourcesBuildPhase;
			buildActionMask = 2147483647;
			files = (
				5B3C701425CB3BEB00577526 /* testNewsUITests.swift in Sources */,
			);
			runOnlyForDeploymentPostprocessing = 0;
		};
/* End PBXSourcesBuildPhase section */

/* Begin PBXTargetDependency section */
		5B3C700625CB3BEB00577526 /* PBXTargetDependency */ = {
			isa = PBXTargetDependency;
			target = 5B3C6FEA25CB3BE900577526 /* testNews */;
			targetProxy = 5B3C700525CB3BEB00577526 /* PBXContainerItemProxy */;
		};
		5B3C701125CB3BEB00577526 /* PBXTargetDependency */ = {
			isa = PBXTargetDependency;
			target = 5B3C6FEA25CB3BE900577526 /* testNews */;
			targetProxy = 5B3C701025CB3BEB00577526 /* PBXContainerItemProxy */;
		};
/* End PBXTargetDependency section */

/* Begin PBXVariantGroup section */
		5B3C6FF425CB3BE900577526 /* Main.storyboard */ = {
			isa = PBXVariantGroup;
			children = (
				5B3C6FF525CB3BE900577526 /* Base */,
			);
			name = Main.storyboard;
			sourceTree = "<group>";
		};
		5B3C6FFC25CB3BEB00577526 /* LaunchScreen.storyboard */ = {
			isa = PBXVariantGroup;
			children = (
				5B3C6FFD25CB3BEB00577526 /* Base */,
			);
			name = LaunchScreen.storyboard;
			sourceTree = "<group>";
		};
/* End PBXVariantGroup section */

/* Begin XCBuildConfiguration section */
		5B3C701625CB3BEB00577526 /* Debug */ = {
			isa = XCBuildConfiguration;
			buildSettings = {
				ALWAYS_SEARCH_USER_PATHS = NO;
				CLANG_ANALYZER_NONNULL = YES;
				CLANG_ANALYZER_NUMBER_OBJECT_CONVERSION = YES_AGGRESSIVE;
				CLANG_CXX_LANGUAGE_STANDARD = "gnu++14";
				CLANG_CXX_LIBRARY = "libc++";
				CLANG_ENABLE_MODULES = YES;
				CLANG_ENABLE_OBJC_ARC = YES;
				CLANG_ENABLE_OBJC_WEAK = YES;
				CLANG_WARN_BLOCK_CAPTURE_AUTORELEASING = YES;
				CLANG_WARN_BOOL_CONVERSION = YES;
				CLANG_WARN_COMMA = YES;
				CLANG_WARN_CONSTANT_CONVERSION = YES;
				CLANG_WARN_DEPRECATED_OBJC_IMPLEMENTATIONS = YES;
				CLANG_WARN_DIRECT_OBJC_ISA_USAGE = YES_ERROR;
				CLANG_WARN_DOCUMENTATION_COMMENTS = YES;
				CLANG_WARN_EMPTY_BODY = YES;
				CLANG_WARN_ENUM_CONVERSION = YES;
				CLANG_WARN_INFINITE_RECURSION = YES;
				CLANG_WARN_INT_CONVERSION = YES;
				CLANG_WARN_NON_LITERAL_NULL_CONVERSION = YES;
				CLANG_WARN_OBJC_IMPLICIT_RETAIN_SELF = YES;
				CLANG_WARN_OBJC_LITERAL_CONVERSION = YES;
				CLANG_WARN_OBJC_ROOT_CLASS = YES_ERROR;
				CLANG_WARN_QUOTED_INCLUDE_IN_FRAMEWORK_HEADER = YES;
				CLANG_WARN_RANGE_LOOP_ANALYSIS = YES;
				CLANG_WARN_STRICT_PROTOTYPES = YES;
				CLANG_WARN_SUSPICIOUS_MOVE = YES;
				CLANG_WARN_UNGUARDED_AVAILABILITY = YES_AGGRESSIVE;
				CLANG_WARN_UNREACHABLE_CODE = YES;
				CLANG_WARN__DUPLICATE_METHOD_MATCH = YES;
				COPY_PHASE_STRIP = NO;
				DEBUG_INFORMATION_FORMAT = dwarf;
				ENABLE_STRICT_OBJC_MSGSEND = YES;
				ENABLE_TESTABILITY = YES;
				GCC_C_LANGUAGE_STANDARD = gnu11;
				GCC_DYNAMIC_NO_PIC = NO;
				GCC_NO_COMMON_BLOCKS = YES;
				GCC_OPTIMIZATION_LEVEL = 0;
				GCC_PREPROCESSOR_DEFINITIONS = (
					"DEBUG=1",
					"$(inherited)",
				);
				GCC_WARN_64_TO_32_BIT_CONVERSION = YES;
				GCC_WARN_ABOUT_RETURN_TYPE = YES_ERROR;
				GCC_WARN_UNDECLARED_SELECTOR = YES;
				GCC_WARN_UNINITIALIZED_AUTOS = YES_AGGRESSIVE;
				GCC_WARN_UNUSED_FUNCTION = YES;
				GCC_WARN_UNUSED_VARIABLE = YES;
				IPHONEOS_DEPLOYMENT_TARGET = 14.2;
				MTL_ENABLE_DEBUG_INFO = INCLUDE_SOURCE;
				MTL_FAST_MATH = YES;
				ONLY_ACTIVE_ARCH = YES;
				SDKROOT = iphoneos;
				SWIFT_ACTIVE_COMPILATION_CONDITIONS = DEBUG;
				SWIFT_OPTIMIZATION_LEVEL = "-Onone";
			};
			name = Debug;
		};
		5B3C701725CB3BEB00577526 /* Release */ = {
			isa = XCBuildConfiguration;
			buildSettings = {
				ALWAYS_SEARCH_USER_PATHS = NO;
				CLANG_ANALYZER_NONNULL = YES;
				CLANG_ANALYZER_NUMBER_OBJECT_CONVERSION = YES_AGGRESSIVE;
				CLANG_CXX_LANGUAGE_STANDARD = "gnu++14";
				CLANG_CXX_LIBRARY = "libc++";
				CLANG_ENABLE_MODULES = YES;
				CLANG_ENABLE_OBJC_ARC = YES;
				CLANG_ENABLE_OBJC_WEAK = YES;
				CLANG_WARN_BLOCK_CAPTURE_AUTORELEASING = YES;
				CLANG_WARN_BOOL_CONVERSION = YES;
				CLANG_WARN_COMMA = YES;
				CLANG_WARN_CONSTANT_CONVERSION = YES;
				CLANG_WARN_DEPRECATED_OBJC_IMPLEMENTATIONS = YES;
				CLANG_WARN_DIRECT_OBJC_ISA_USAGE = YES_ERROR;
				CLANG_WARN_DOCUMENTATION_COMMENTS = YES;
				CLANG_WARN_EMPTY_BODY = YES;
				CLANG_WARN_ENUM_CONVERSION = YES;
				CLANG_WARN_INFINITE_RECURSION = YES;
				CLANG_WARN_INT_CONVERSION = YES;
				CLANG_WARN_NON_LITERAL_NULL_CONVERSION = YES;
				CLANG_WARN_OBJC_IMPLICIT_RETAIN_SELF = YES;
				CLANG_WARN_OBJC_LITERAL_CONVERSION = YES;
				CLANG_WARN_OBJC_ROOT_CLASS = YES_ERROR;
				CLANG_WARN_QUOTED_INCLUDE_IN_FRAMEWORK_HEADER = YES;
				CLANG_WARN_RANGE_LOOP_ANALYSIS = YES;
				CLANG_WARN_STRICT_PROTOTYPES = YES;
				CLANG_WARN_SUSPICIOUS_MOVE = YES;
				CLANG_WARN_UNGUARDED_AVAILABILITY = YES_AGGRESSIVE;
				CLANG_WARN_UNREACHABLE_CODE = YES;
				CLANG_WARN__DUPLICATE_METHOD_MATCH = YES;
				COPY_PHASE_STRIP = NO;
				DEBUG_INFORMATION_FORMAT = "dwarf-with-dsym";
				ENABLE_NS_ASSERTIONS = NO;
				ENABLE_STRICT_OBJC_MSGSEND = YES;
				GCC_C_LANGUAGE_STANDARD = gnu11;
				GCC_NO_COMMON_BLOCKS = YES;
				GCC_WARN_64_TO_32_BIT_CONVERSION = YES;
				GCC_WARN_ABOUT_RETURN_TYPE = YES_ERROR;
				GCC_WARN_UNDECLARED_SELECTOR = YES;
				GCC_WARN_UNINITIALIZED_AUTOS = YES_AGGRESSIVE;
				GCC_WARN_UNUSED_FUNCTION = YES;
				GCC_WARN_UNUSED_VARIABLE = YES;
				IPHONEOS_DEPLOYMENT_TARGET = 14.2;
				MTL_ENABLE_DEBUG_INFO = NO;
				MTL_FAST_MATH = YES;
				SDKROOT = iphoneos;
				SWIFT_COMPILATION_MODE = wholemodule;
				SWIFT_OPTIMIZATION_LEVEL = "-O";
				VALIDATE_PRODUCT = YES;
			};
			name = Release;
		};
		5B3C701925CB3BEB00577526 /* Debug */ = {
			isa = XCBuildConfiguration;
			buildSettings = {
				ASSETCATALOG_COMPILER_APPICON_NAME = AppIcon;
				ASSETCATALOG_COMPILER_GLOBAL_ACCENT_COLOR_NAME = AccentColor;
				CODE_SIGN_STYLE = Automatic;
				DEVELOPMENT_TEAM = MJN4DHM643;
				INFOPLIST_FILE = testNews/Info.plist;
				LD_RUNPATH_SEARCH_PATHS = (
					"$(inherited)",
					"@executable_path/Frameworks",
				);
				PRODUCT_BUNDLE_IDENTIFIER = Jernard.testNews;
				PRODUCT_NAME = "$(TARGET_NAME)";
				SWIFT_VERSION = 5.0;
				TARGETED_DEVICE_FAMILY = "1,2";
			};
			name = Debug;
		};
		5B3C701A25CB3BEB00577526 /* Release */ = {
			isa = XCBuildConfiguration;
			buildSettings = {
				ASSETCATALOG_COMPILER_APPICON_NAME = AppIcon;
				ASSETCATALOG_COMPILER_GLOBAL_ACCENT_COLOR_NAME = AccentColor;
				CODE_SIGN_STYLE = Automatic;
				DEVELOPMENT_TEAM = MJN4DHM643;
				INFOPLIST_FILE = testNews/Info.plist;
				LD_RUNPATH_SEARCH_PATHS = (
					"$(inherited)",
					"@executable_path/Frameworks",
				);
				PRODUCT_BUNDLE_IDENTIFIER = Jernard.testNews;
				PRODUCT_NAME = "$(TARGET_NAME)";
				SWIFT_VERSION = 5.0;
				TARGETED_DEVICE_FAMILY = "1,2";
			};
			name = Release;
		};
		5B3C701C25CB3BEB00577526 /* Debug */ = {
			isa = XCBuildConfiguration;
			buildSettings = {
				ALWAYS_EMBED_SWIFT_STANDARD_LIBRARIES = YES;
				BUNDLE_LOADER = "$(TEST_HOST)";
				CODE_SIGN_STYLE = Automatic;
				DEVELOPMENT_TEAM = MJN4DHM643;
				INFOPLIST_FILE = testNewsTests/Info.plist;
				IPHONEOS_DEPLOYMENT_TARGET = 14.2;
				LD_RUNPATH_SEARCH_PATHS = (
					"$(inherited)",
					"@executable_path/Frameworks",
					"@loader_path/Frameworks",
				);
				PRODUCT_BUNDLE_IDENTIFIER = Jernard.testNewsTests;
				PRODUCT_NAME = "$(TARGET_NAME)";
				SWIFT_VERSION = 5.0;
				TARGETED_DEVICE_FAMILY = "1,2";
				TEST_HOST = "$(BUILT_PRODUCTS_DIR)/testNews.app/testNews";
			};
			name = Debug;
		};
		5B3C701D25CB3BEB00577526 /* Release */ = {
			isa = XCBuildConfiguration;
			buildSettings = {
				ALWAYS_EMBED_SWIFT_STANDARD_LIBRARIES = YES;
				BUNDLE_LOADER = "$(TEST_HOST)";
				CODE_SIGN_STYLE = Automatic;
				DEVELOPMENT_TEAM = MJN4DHM643;
				INFOPLIST_FILE = testNewsTests/Info.plist;
				IPHONEOS_DEPLOYMENT_TARGET = 14.2;
				LD_RUNPATH_SEARCH_PATHS = (
					"$(inherited)",
					"@executable_path/Frameworks",
					"@loader_path/Frameworks",
				);
				PRODUCT_BUNDLE_IDENTIFIER = Jernard.testNewsTests;
				PRODUCT_NAME = "$(TARGET_NAME)";
				SWIFT_VERSION = 5.0;
				TARGETED_DEVICE_FAMILY = "1,2";
				TEST_HOST = "$(BUILT_PRODUCTS_DIR)/testNews.app/testNews";
			};
			name = Release;
		};
		5B3C701F25CB3BEB00577526 /* Debug */ = {
			isa = XCBuildConfiguration;
			buildSettings = {
				ALWAYS_EMBED_SWIFT_STANDARD_LIBRARIES = YES;
				CODE_SIGN_STYLE = Automatic;
				DEVELOPMENT_TEAM = MJN4DHM643;
				INFOPLIST_FILE = testNewsUITests/Info.plist;
				LD_RUNPATH_SEARCH_PATHS = (
					"$(inherited)",
					"@executable_path/Frameworks",
					"@loader_path/Frameworks",
				);
				PRODUCT_BUNDLE_IDENTIFIER = Jernard.testNewsUITests;
				PRODUCT_NAME = "$(TARGET_NAME)";
				SWIFT_VERSION = 5.0;
				TARGETED_DEVICE_FAMILY = "1,2";
				TEST_TARGET_NAME = testNews;
			};
			name = Debug;
		};
		5B3C702025CB3BEB00577526 /* Release */ = {
			isa = XCBuildConfiguration;
			buildSettings = {
				ALWAYS_EMBED_SWIFT_STANDARD_LIBRARIES = YES;
				CODE_SIGN_STYLE = Automatic;
				DEVELOPMENT_TEAM = MJN4DHM643;
				INFOPLIST_FILE = testNewsUITests/Info.plist;
				LD_RUNPATH_SEARCH_PATHS = (
					"$(inherited)",
					"@executable_path/Frameworks",
					"@loader_path/Frameworks",
				);
				PRODUCT_BUNDLE_IDENTIFIER = Jernard.testNewsUITests;
				PRODUCT_NAME = "$(TARGET_NAME)";
				SWIFT_VERSION = 5.0;
				TARGETED_DEVICE_FAMILY = "1,2";
				TEST_TARGET_NAME = testNews;
			};
			name = Release;
		};
/* End XCBuildConfiguration section */

/* Begin XCConfigurationList section */
		5B3C6FE625CB3BE900577526 /* Build configuration list for PBXProject "testNews" */ = {
			isa = XCConfigurationList;
			buildConfigurations = (
				5B3C701625CB3BEB00577526 /* Debug */,
				5B3C701725CB3BEB00577526 /* Release */,
			);
			defaultConfigurationIsVisible = 0;
			defaultConfigurationName = Release;
		};
		5B3C701825CB3BEB00577526 /* Build configuration list for PBXNativeTarget "testNews" */ = {
			isa = XCConfigurationList;
			buildConfigurations = (
				5B3C701925CB3BEB00577526 /* Debug */,
				5B3C701A25CB3BEB00577526 /* Release */,
			);
			defaultConfigurationIsVisible = 0;
			defaultConfigurationName = Release;
		};
		5B3C701B25CB3BEB00577526 /* Build configuration list for PBXNativeTarget "testNewsTests" */ = {
			isa = XCConfigurationList;
			buildConfigurations = (
				5B3C701C25CB3BEB00577526 /* Debug */,
				5B3C701D25CB3BEB00577526 /* Release */,
			);
			defaultConfigurationIsVisible = 0;
			defaultConfigurationName = Release;
		};
		5B3C701E25CB3BEB00577526 /* Build configuration list for PBXNativeTarget "testNewsUITests" */ = {
			isa = XCConfigurationList;
			buildConfigurations = (
				5B3C701F25CB3BEB00577526 /* Debug */,
				5B3C702025CB3BEB00577526 /* Release */,
			);
			defaultConfigurationIsVisible = 0;
			defaultConfigurationName = Release;
		};
/* End XCConfigurationList section */

/* Begin XCVersionGroup section */
		5B3C6FF725CB3BE900577526 /* testNews.xcdatamodeld */ = {
			isa = XCVersionGroup;
			children = (
				5B3C6FF825CB3BE900577526 /* testNews.xcdatamodel */,
			);
			currentVersion = 5B3C6FF825CB3BE900577526 /* testNews.xcdatamodel */;
			path = testNews.xcdatamodeld;
			sourceTree = "<group>";
			versionGroupType = wrapper.xcdatamodel;
		};
/* End XCVersionGroup section */
	};
	rootObject = 5B3C6FE325CB3BE900577526 /* Project object */;
}
